{
  "name": "fable-left-pad",
  "version": "1.0.0",
  "lockfileVersion": 1,
  "requires": true,
  "dependencies": {
    "fsevents": {
      "version": "2.1.3",
      "resolved": "https://registry.npmjs.org/fsevents/-/fsevents-2.1.3.tgz",
      "integrity": "sha512-Auw9a4AxqWpa9GUfj370BMPzzyncfBABW8Mab7BGWBYDj4Isgq+cDKtx0i6u9jcX9pQDnswsaaOTgTmA5pEjuQ==",
      "optional": true
    },
    "left-pad": {
      "version": "1.3.0",
      "resolved": "https://registry.npmjs.org/left-pad/-/left-pad-1.3.0.tgz",
      "integrity": "sha512-XI5MPzVNApjAyhQzphX8BkmKsKUxD4LdyK24iZeQGinBN9yTQT3bFlCBy/aVx2HrNcqQGsdot8ghrjyrvMCoEA=="
    },
    "rollup": {
      "version": "2.37.1",
      "resolved": "https://registry.npmjs.org/rollup/-/rollup-2.37.1.tgz",
      "integrity": "sha512-V3ojEeyGeSdrMSuhP3diBb06P+qV4gKQeanbDv+Qh/BZbhdZ7kHV0xAt8Yjk4GFshq/WjO7R4c7DFM20AwTFVQ==",
      "requires": {
        "fsevents": "~2.1.2"
      }
    }
  }
}
